
Microsoft Visual Studio Solution File, Format Version 12.00
# Visual Studio Version 17
VisualStudioVersion = 17.6.33829.357
MinimumVisualStudioVersion = 10.0.40219.1
Project("{FAE04EC0-301F-11D3-BF4B-00C04F79EFBC}") = "PrinterWebApp", "PrinterWebApp.csproj", "{0A2EA163-3CAB-4CA0-955F-AE1753E37E4D}"
EndProject
Global
	GlobalSection(SolutionConfigurationPlatforms) = preSolution
		Debug|Any CPU = Debug|Any CPU
		Release|Any CPU = Release|Any CPU
	EndGlobalSection
	GlobalSection(ProjectConfigurationPlatforms) = postSolution
		{0A2EA163-3CAB-4CA0-955F-AE1753E37E4D}.Debug|Any CPU.ActiveCfg = Debug|Any CPU
		{0A2EA163-3CAB-4CA0-955F-AE1753E37E4D}.Debug|Any CPU.Build.0 = Debug|Any CPU
		{0A2EA163-3CAB-4CA0-955F-AE1753E37E4D}.Release|Any CPU.ActiveCfg = Release|Any CPU
		{0A2EA163-3CAB-4CA0-955F-AE1753E37E4D}.Release|Any CPU.Build.0 = Release|Any CPU
	EndGlobalSection
	GlobalSection(SolutionProperties) = preSolution
		HideSolutionNode = FALSE
	EndGlobalSection
	GlobalSection(ExtensibilityGlobals) = postSolution
		SolutionGuid = {6A6214B5-DDD5-4FAA-A782-C2FE0DB5D0F1}
	EndGlobalSection
EndGlobal
